
Microsoft Visual Studio Solution File, Format Version 12.00
# Visual Studio Version 17
VisualStudioVersion = 17.4.33213.308
MinimumVisualStudioVersion = 10.0.40219.1
Project("{FAE04EC0-301F-11D3-BF4B-00C04F79EFBC}") = "desafios2", "desafios2.csproj", "{BB3C451D-4F84-4CBF-AF3A-F48924ADE653}"
EndProject
Project("{FAE04EC0-301F-11D3-BF4B-00C04F79EFBC}") = "desafio2.2", "..\desafio2.2\desafio2.2.csproj", "{6FA1676F-891F-4ACC-B3C9-AB889DBDDCF1}"
EndProject
Project("{FAE04EC0-301F-11D3-BF4B-00C04F79EFBC}") = "desafio3", "..\desafio3\desafio3.csproj", "{66C83171-1AEF-4E59-B434-961402F3EDF3}"
EndProject
Global
	GlobalSection(SolutionConfigurationPlatforms) = preSolution
		Debug|Any CPU = Debug|Any CPU
		Release|Any CPU = Release|Any CPU
	EndGlobalSection
	GlobalSection(ProjectConfigurationPlatforms) = postSolution
		{BB3C451D-4F84-4CBF-AF3A-F48924ADE653}.Debug|Any CPU.ActiveCfg = Debug|Any CPU
		{BB3C451D-4F84-4CBF-AF3A-F48924ADE653}.Debug|Any CPU.Build.0 = Debug|Any CPU
		{BB3C451D-4F84-4CBF-AF3A-F48924ADE653}.Release|Any CPU.ActiveCfg = Release|Any CPU
		{BB3C451D-4F84-4CBF-AF3A-F48924ADE653}.Release|Any CPU.Build.0 = Release|Any CPU
		{6FA1676F-891F-4ACC-B3C9-AB889DBDDCF1}.Debug|Any CPU.ActiveCfg = Debug|Any CPU
		{6FA1676F-891F-4ACC-B3C9-AB889DBDDCF1}.Debug|Any CPU.Build.0 = Debug|Any CPU
		{6FA1676F-891F-4ACC-B3C9-AB889DBDDCF1}.Release|Any CPU.ActiveCfg = Release|Any CPU
		{6FA1676F-891F-4ACC-B3C9-AB889DBDDCF1}.Release|Any CPU.Build.0 = Release|Any CPU
		{66C83171-1AEF-4E59-B434-961402F3EDF3}.Debug|Any CPU.ActiveCfg = Debug|Any CPU
		{66C83171-1AEF-4E59-B434-961402F3EDF3}.Debug|Any CPU.Build.0 = Debug|Any CPU
		{66C83171-1AEF-4E59-B434-961402F3EDF3}.Release|Any CPU.ActiveCfg = Release|Any CPU
		{66C83171-1AEF-4E59-B434-961402F3EDF3}.Release|Any CPU.Build.0 = Release|Any CPU
	EndGlobalSection
	GlobalSection(SolutionProperties) = preSolution
		HideSolutionNode = FALSE
	EndGlobalSection
	GlobalSection(ExtensibilityGlobals) = postSolution
		SolutionGuid = {2B68C2E2-FB64-4C07-A62A-866DCA9D7939}
	EndGlobalSection
EndGlobal
